PODS:
  - YHEnDecriptionSDK (0.1.0)

DEPENDENCIES:
  - YHEnDecriptionSDK (from `../`)

EXTERNAL SOURCES:
  YHEnDecriptionSDK:
    :path: "../"

SPEC CHECKSUMS:
  YHEnDecriptionSDK: 37644eb631608b23a8fa3020411f4e92d25023f1

PODFILE CHECKSUM: 63f6bc2b0c178508d14ce65f5d1431b156fa976c

COCOAPODS: 1.5.3
